
Microsoft Visual Studio Solution File, Format Version 12.00
# Visual Studio Version 17
VisualStudioVersion = 17.8.34330.188
MinimumVisualStudioVersion = 10.0.40219.1
Project("{9A19103F-16F7-4668-BE54-9A1E7A4F7556}") = "CalendarRestApi", "CalendarApi\CalendarRestApi.csproj", "{7C86C85A-2F66-49DF-BE06-5BE5D7B83F10}"
EndProject
Project("{2150E333-8FDC-42A3-9474-1A3956D46DE8}") = "Presentations", "Presentations", "{37199DAD-18B6-4D5F-9D7C-0840B687A9F7}"
EndProject
Project("{2150E333-8FDC-42A3-9474-1A3956D46DE8}") = "Domain", "Domain", "{4EEEC5F9-D857-4862-B8B6-31238405168C}"
EndProject
Project("{9A19103F-16F7-4668-BE54-9A1E7A4F7556}") = "CalendarDomain", "CalendarDomain\CalendarDomain.csproj", "{BE2F8440-6963-4A29-A730-3C8B505049C5}"
EndProject
Project("{2150E333-8FDC-42A3-9474-1A3956D46DE8}") = "Application", "Application", "{DD41F2C1-A12E-421D-A561-ED22364999C3}"
EndProject
Project("{9A19103F-16F7-4668-BE54-9A1E7A4F7556}") = "CalendarApplication", "CalendarApplication\CalendarApplication.csproj", "{8122E55E-688B-4C9A-BF6F-A02F7E98729A}"
EndProject
Project("{2150E333-8FDC-42A3-9474-1A3956D46DE8}") = "Infrastructure", "Infrastructure", "{F3EB6801-EF38-41CD-B224-66B50AF75BE1}"
EndProject
Project("{9A19103F-16F7-4668-BE54-9A1E7A4F7556}") = "CalendarDbContext", "CalendarDbContext\CalendarDbContext.csproj", "{A6A789D6-676A-486A-AAAC-9E3CBF6F75E7}"
EndProject
Project("{9A19103F-16F7-4668-BE54-9A1E7A4F7556}") = "Presentation", "Presentations\Presentation\Presentation.csproj", "{166A2AE4-D333-436C-A03F-50293A718557}"
EndProject
Project("{9A19103F-16F7-4668-BE54-9A1E7A4F7556}") = "CalendarDomain.Test", "CalendarDomain.Test\CalendarDomain.Test.csproj", "{30C9F930-6C46-4DFB-B6C8-8A6808640CDB}"
EndProject
Project("{9A19103F-16F7-4668-BE54-9A1E7A4F7556}") = "DataStructures", "DataStructuresHelper\DataStructures.csproj", "{C344A519-B523-4AC7-9A0C-70A6BB90E64E}"
EndProject
Project("{9A19103F-16F7-4668-BE54-9A1E7A4F7556}") = "DataStructures.Tests", "DataStructures.Tests\DataStructures.Tests.csproj", "{3C8DB263-1C84-448A-8C2B-445967FA9510}"
EndProject
Project("{2150E333-8FDC-42A3-9474-1A3956D46DE8}") = "Test", "Test", "{B6863B8D-B48E-4E75-B94C-55EAF2C1BA5F}"
EndProject
Project("{9A19103F-16F7-4668-BE54-9A1E7A4F7556}") = "GET_IntegrationTests", "GET_IntegrationTests\GET_IntegrationTests.csproj", "{5845DF07-8A5F-4C7B-BC3A-A87DD8306267}"
EndProject
Project("{FAE04EC0-301F-11D3-BF4B-00C04F79EFBC}") = "AdminPanel", "AdminPanel\AdminPanel.csproj", "{94BB87F1-BA84-4E0E-9D04-1060AE5F0067}"
EndProject
Project("{9A19103F-16F7-4668-BE54-9A1E7A4F7556}") = "BlazorAdmin", "BlazorAdmin\BlazorAdmin\BlazorAdmin.csproj", "{3EA6D8F0-6838-4ABD-9CD1-FA520D95E5B7}"
EndProject
Project("{9A19103F-16F7-4668-BE54-9A1E7A4F7556}") = "BlazorAdmin.Client", "BlazorAdmin\BlazorAdmin.Client\BlazorAdmin.Client.csproj", "{580DA827-D9AA-404A-857E-201041375DB4}"
EndProject
Global
	GlobalSection(SolutionConfigurationPlatforms) = preSolution
		Debug|Any CPU = Debug|Any CPU
		Release|Any CPU = Release|Any CPU
	EndGlobalSection
	GlobalSection(ProjectConfigurationPlatforms) = postSolution
		{7C86C85A-2F66-49DF-BE06-5BE5D7B83F10}.Debug|Any CPU.ActiveCfg = Debug|Any CPU
		{7C86C85A-2F66-49DF-BE06-5BE5D7B83F10}.Debug|Any CPU.Build.0 = Debug|Any CPU
		{7C86C85A-2F66-49DF-BE06-5BE5D7B83F10}.Release|Any CPU.ActiveCfg = Release|Any CPU
		{7C86C85A-2F66-49DF-BE06-5BE5D7B83F10}.Release|Any CPU.Build.0 = Release|Any CPU
		{BE2F8440-6963-4A29-A730-3C8B505049C5}.Debug|Any CPU.ActiveCfg = Debug|Any CPU
		{BE2F8440-6963-4A29-A730-3C8B505049C5}.Debug|Any CPU.Build.0 = Debug|Any CPU
		{BE2F8440-6963-4A29-A730-3C8B505049C5}.Release|Any CPU.ActiveCfg = Release|Any CPU
		{BE2F8440-6963-4A29-A730-3C8B505049C5}.Release|Any CPU.Build.0 = Release|Any CPU
		{8122E55E-688B-4C9A-BF6F-A02F7E98729A}.Debug|Any CPU.ActiveCfg = Debug|Any CPU
		{8122E55E-688B-4C9A-BF6F-A02F7E98729A}.Debug|Any CPU.Build.0 = Debug|Any CPU
		{8122E55E-688B-4C9A-BF6F-A02F7E98729A}.Release|Any CPU.ActiveCfg = Release|Any CPU
		{8122E55E-688B-4C9A-BF6F-A02F7E98729A}.Release|Any CPU.Build.0 = Release|Any CPU
		{A6A789D6-676A-486A-AAAC-9E3CBF6F75E7}.Debug|Any CPU.ActiveCfg = Debug|Any CPU
		{A6A789D6-676A-486A-AAAC-9E3CBF6F75E7}.Debug|Any CPU.Build.0 = Debug|Any CPU
		{A6A789D6-676A-486A-AAAC-9E3CBF6F75E7}.Release|Any CPU.ActiveCfg = Release|Any CPU
		{A6A789D6-676A-486A-AAAC-9E3CBF6F75E7}.Release|Any CPU.Build.0 = Release|Any CPU
		{166A2AE4-D333-436C-A03F-50293A718557}.Debug|Any CPU.ActiveCfg = Debug|Any CPU
		{166A2AE4-D333-436C-A03F-50293A718557}.Debug|Any CPU.Build.0 = Debug|Any CPU
		{166A2AE4-D333-436C-A03F-50293A718557}.Release|Any CPU.ActiveCfg = Release|Any CPU
		{166A2AE4-D333-436C-A03F-50293A718557}.Release|Any CPU.Build.0 = Release|Any CPU
		{30C9F930-6C46-4DFB-B6C8-8A6808640CDB}.Debug|Any CPU.ActiveCfg = Debug|Any CPU
		{30C9F930-6C46-4DFB-B6C8-8A6808640CDB}.Debug|Any CPU.Build.0 = Debug|Any CPU
		{30C9F930-6C46-4DFB-B6C8-8A6808640CDB}.Release|Any CPU.ActiveCfg = Release|Any CPU
		{30C9F930-6C46-4DFB-B6C8-8A6808640CDB}.Release|Any CPU.Build.0 = Release|Any CPU
		{C344A519-B523-4AC7-9A0C-70A6BB90E64E}.Debug|Any CPU.ActiveCfg = Debug|Any CPU
		{C344A519-B523-4AC7-9A0C-70A6BB90E64E}.Debug|Any CPU.Build.0 = Debug|Any CPU
		{C344A519-B523-4AC7-9A0C-70A6BB90E64E}.Release|Any CPU.ActiveCfg = Release|Any CPU
		{C344A519-B523-4AC7-9A0C-70A6BB90E64E}.Release|Any CPU.Build.0 = Release|Any CPU
		{3C8DB263-1C84-448A-8C2B-445967FA9510}.Debug|Any CPU.ActiveCfg = Debug|Any CPU
		{3C8DB263-1C84-448A-8C2B-445967FA9510}.Debug|Any CPU.Build.0 = Debug|Any CPU
		{3C8DB263-1C84-448A-8C2B-445967FA9510}.Release|Any CPU.ActiveCfg = Release|Any CPU
		{3C8DB263-1C84-448A-8C2B-445967FA9510}.Release|Any CPU.Build.0 = Release|Any CPU
		{5845DF07-8A5F-4C7B-BC3A-A87DD8306267}.Debug|Any CPU.ActiveCfg = Debug|Any CPU
		{5845DF07-8A5F-4C7B-BC3A-A87DD8306267}.Debug|Any CPU.Build.0 = Debug|Any CPU
		{5845DF07-8A5F-4C7B-BC3A-A87DD8306267}.Release|Any CPU.ActiveCfg = Release|Any CPU
		{5845DF07-8A5F-4C7B-BC3A-A87DD8306267}.Release|Any CPU.Build.0 = Release|Any CPU
		{94BB87F1-BA84-4E0E-9D04-1060AE5F0067}.Debug|Any CPU.ActiveCfg = Debug|Any CPU
		{94BB87F1-BA84-4E0E-9D04-1060AE5F0067}.Debug|Any CPU.Build.0 = Debug|Any CPU
		{94BB87F1-BA84-4E0E-9D04-1060AE5F0067}.Release|Any CPU.ActiveCfg = Release|Any CPU
		{94BB87F1-BA84-4E0E-9D04-1060AE5F0067}.Release|Any CPU.Build.0 = Release|Any CPU
		{3EA6D8F0-6838-4ABD-9CD1-FA520D95E5B7}.Debug|Any CPU.ActiveCfg = Debug|Any CPU
		{3EA6D8F0-6838-4ABD-9CD1-FA520D95E5B7}.Debug|Any CPU.Build.0 = Debug|Any CPU
		{3EA6D8F0-6838-4ABD-9CD1-FA520D95E5B7}.Release|Any CPU.ActiveCfg = Release|Any CPU
		{3EA6D8F0-6838-4ABD-9CD1-FA520D95E5B7}.Release|Any CPU.Build.0 = Release|Any CPU
		{580DA827-D9AA-404A-857E-201041375DB4}.Debug|Any CPU.ActiveCfg = Debug|Any CPU
		{580DA827-D9AA-404A-857E-201041375DB4}.Debug|Any CPU.Build.0 = Debug|Any CPU
		{580DA827-D9AA-404A-857E-201041375DB4}.Release|Any CPU.ActiveCfg = Release|Any CPU
		{580DA827-D9AA-404A-857E-201041375DB4}.Release|Any CPU.Build.0 = Release|Any CPU
	EndGlobalSection
	GlobalSection(SolutionProperties) = preSolution
		HideSolutionNode = FALSE
	EndGlobalSection
	GlobalSection(NestedProjects) = preSolution
		{7C86C85A-2F66-49DF-BE06-5BE5D7B83F10} = {37199DAD-18B6-4D5F-9D7C-0840B687A9F7}
		{BE2F8440-6963-4A29-A730-3C8B505049C5} = {4EEEC5F9-D857-4862-B8B6-31238405168C}
		{8122E55E-688B-4C9A-BF6F-A02F7E98729A} = {DD41F2C1-A12E-421D-A561-ED22364999C3}
		{A6A789D6-676A-486A-AAAC-9E3CBF6F75E7} = {DD41F2C1-A12E-421D-A561-ED22364999C3}
		{166A2AE4-D333-436C-A03F-50293A718557} = {37199DAD-18B6-4D5F-9D7C-0840B687A9F7}
		{30C9F930-6C46-4DFB-B6C8-8A6808640CDB} = {4EEEC5F9-D857-4862-B8B6-31238405168C}
		{C344A519-B523-4AC7-9A0C-70A6BB90E64E} = {F3EB6801-EF38-41CD-B224-66B50AF75BE1}
		{3C8DB263-1C84-448A-8C2B-445967FA9510} = {F3EB6801-EF38-41CD-B224-66B50AF75BE1}
		{5845DF07-8A5F-4C7B-BC3A-A87DD8306267} = {B6863B8D-B48E-4E75-B94C-55EAF2C1BA5F}
		{94BB87F1-BA84-4E0E-9D04-1060AE5F0067} = {37199DAD-18B6-4D5F-9D7C-0840B687A9F7}
		{3EA6D8F0-6838-4ABD-9CD1-FA520D95E5B7} = {37199DAD-18B6-4D5F-9D7C-0840B687A9F7}
		{580DA827-D9AA-404A-857E-201041375DB4} = {37199DAD-18B6-4D5F-9D7C-0840B687A9F7}
	EndGlobalSection
	GlobalSection(ExtensibilityGlobals) = postSolution
		SolutionGuid = {981C5C51-ECD6-4B84-85AA-C3BD7A5F0822}
	EndGlobalSection
EndGlobal
